
Microsoft Visual Studio Solution File, Format Version 12.00
# Visual Studio 15
VisualStudioVersion = 15.0.27703.2035
MinimumVisualStudioVersion = 10.0.40219.1
Project("{8BC9CEB8-8B4A-11D0-8D11-00A0C91BC942}") = "BOJ2903", "BOJ2903\BOJ2903.vcxproj", "{5DF0A151-1794-4B88-B1A4-F279343D581A}"
EndProject
Global
	GlobalSection(SolutionConfigurationPlatforms) = preSolution
		Debug|x64 = Debug|x64
		Debug|x86 = Debug|x86
		Release|x64 = Release|x64
		Release|x86 = Release|x86
	EndGlobalSection
	GlobalSection(ProjectConfigurationPlatforms) = postSolution
		{5DF0A151-1794-4B88-B1A4-F279343D581A}.Debug|x64.ActiveCfg = Debug|x64
		{5DF0A151-1794-4B88-B1A4-F279343D581A}.Debug|x64.Build.0 = Debug|x64
		{5DF0A151-1794-4B88-B1A4-F279343D581A}.Debug|x86.ActiveCfg = Debug|Win32
		{5DF0A151-1794-4B88-B1A4-F279343D581A}.Debug|x86.Build.0 = Debug|Win32
		{5DF0A151-1794-4B88-B1A4-F279343D581A}.Release|x64.ActiveCfg = Release|x64
		{5DF0A151-1794-4B88-B1A4-F279343D581A}.Release|x64.Build.0 = Release|x64
		{5DF0A151-1794-4B88-B1A4-F279343D581A}.Release|x86.ActiveCfg = Release|Win32
		{5DF0A151-1794-4B88-B1A4-F279343D581A}.Release|x86.Build.0 = Release|Win32
	EndGlobalSection
	GlobalSection(SolutionProperties) = preSolution
		HideSolutionNode = FALSE
	EndGlobalSection
	GlobalSection(ExtensibilityGlobals) = postSolution
		SolutionGuid = {2C661F73-1C98-4F67-909E-8D27B1391DD1}
	EndGlobalSection
EndGlobal
