
Microsoft Visual Studio Solution File, Format Version 12.00
# Visual Studio 15
VisualStudioVersion = 15.0.27703.2035
MinimumVisualStudioVersion = 10.0.40219.1
Project("{8BC9CEB8-8B4A-11D0-8D11-00A0C91BC942}") = "BOJ11403", "BOJ11403\BOJ11403.vcxproj", "{27736171-8981-43EF-B3CC-500CCB502C76}"
EndProject
Global
	GlobalSection(SolutionConfigurationPlatforms) = preSolution
		Debug|x64 = Debug|x64
		Debug|x86 = Debug|x86
		Release|x64 = Release|x64
		Release|x86 = Release|x86
	EndGlobalSection
	GlobalSection(ProjectConfigurationPlatforms) = postSolution
		{27736171-8981-43EF-B3CC-500CCB502C76}.Debug|x64.ActiveCfg = Debug|x64
		{27736171-8981-43EF-B3CC-500CCB502C76}.Debug|x64.Build.0 = Debug|x64
		{27736171-8981-43EF-B3CC-500CCB502C76}.Debug|x86.ActiveCfg = Debug|Win32
		{27736171-8981-43EF-B3CC-500CCB502C76}.Debug|x86.Build.0 = Debug|Win32
		{27736171-8981-43EF-B3CC-500CCB502C76}.Release|x64.ActiveCfg = Release|x64
		{27736171-8981-43EF-B3CC-500CCB502C76}.Release|x64.Build.0 = Release|x64
		{27736171-8981-43EF-B3CC-500CCB502C76}.Release|x86.ActiveCfg = Release|Win32
		{27736171-8981-43EF-B3CC-500CCB502C76}.Release|x86.Build.0 = Release|Win32
	EndGlobalSection
	GlobalSection(SolutionProperties) = preSolution
		HideSolutionNode = FALSE
	EndGlobalSection
	GlobalSection(ExtensibilityGlobals) = postSolution
		SolutionGuid = {35F10BD2-31CE-4A66-94A2-6A9B6E40F9CC}
	EndGlobalSection
EndGlobal
