
Microsoft Visual Studio Solution File, Format Version 12.00
# Visual Studio 15
VisualStudioVersion = 15.0.27703.2035
MinimumVisualStudioVersion = 10.0.40219.1
Project("{8BC9CEB8-8B4A-11D0-8D11-00A0C91BC942}") = "BOJ12790", "BOJ12790\BOJ12790.vcxproj", "{5AF6A614-4C96-44B9-96AF-2E7551417CB2}"
EndProject
Global
	GlobalSection(SolutionConfigurationPlatforms) = preSolution
		Debug|x64 = Debug|x64
		Debug|x86 = Debug|x86
		Release|x64 = Release|x64
		Release|x86 = Release|x86
	EndGlobalSection
	GlobalSection(ProjectConfigurationPlatforms) = postSolution
		{5AF6A614-4C96-44B9-96AF-2E7551417CB2}.Debug|x64.ActiveCfg = Debug|x64
		{5AF6A614-4C96-44B9-96AF-2E7551417CB2}.Debug|x64.Build.0 = Debug|x64
		{5AF6A614-4C96-44B9-96AF-2E7551417CB2}.Debug|x86.ActiveCfg = Debug|Win32
		{5AF6A614-4C96-44B9-96AF-2E7551417CB2}.Debug|x86.Build.0 = Debug|Win32
		{5AF6A614-4C96-44B9-96AF-2E7551417CB2}.Release|x64.ActiveCfg = Release|x64
		{5AF6A614-4C96-44B9-96AF-2E7551417CB2}.Release|x64.Build.0 = Release|x64
		{5AF6A614-4C96-44B9-96AF-2E7551417CB2}.Release|x86.ActiveCfg = Release|Win32
		{5AF6A614-4C96-44B9-96AF-2E7551417CB2}.Release|x86.Build.0 = Release|Win32
	EndGlobalSection
	GlobalSection(SolutionProperties) = preSolution
		HideSolutionNode = FALSE
	EndGlobalSection
	GlobalSection(ExtensibilityGlobals) = postSolution
		SolutionGuid = {08F008FE-0F43-411F-A030-08423E6A2FFA}
	EndGlobalSection
EndGlobal
