
Microsoft Visual Studio Solution File, Format Version 12.00
# Visual Studio 15
VisualStudioVersion = 15.0.27703.2035
MinimumVisualStudioVersion = 10.0.40219.1
Project("{8BC9CEB8-8B4A-11D0-8D11-00A0C91BC942}") = "BOJ1357", "BOJ1357\BOJ1357.vcxproj", "{4DD34642-036A-4442-9831-E69DC24E8D7B}"
EndProject
Global
	GlobalSection(SolutionConfigurationPlatforms) = preSolution
		Debug|x64 = Debug|x64
		Debug|x86 = Debug|x86
		Release|x64 = Release|x64
		Release|x86 = Release|x86
	EndGlobalSection
	GlobalSection(ProjectConfigurationPlatforms) = postSolution
		{4DD34642-036A-4442-9831-E69DC24E8D7B}.Debug|x64.ActiveCfg = Debug|x64
		{4DD34642-036A-4442-9831-E69DC24E8D7B}.Debug|x64.Build.0 = Debug|x64
		{4DD34642-036A-4442-9831-E69DC24E8D7B}.Debug|x86.ActiveCfg = Debug|Win32
		{4DD34642-036A-4442-9831-E69DC24E8D7B}.Debug|x86.Build.0 = Debug|Win32
		{4DD34642-036A-4442-9831-E69DC24E8D7B}.Release|x64.ActiveCfg = Release|x64
		{4DD34642-036A-4442-9831-E69DC24E8D7B}.Release|x64.Build.0 = Release|x64
		{4DD34642-036A-4442-9831-E69DC24E8D7B}.Release|x86.ActiveCfg = Release|Win32
		{4DD34642-036A-4442-9831-E69DC24E8D7B}.Release|x86.Build.0 = Release|Win32
	EndGlobalSection
	GlobalSection(SolutionProperties) = preSolution
		HideSolutionNode = FALSE
	EndGlobalSection
	GlobalSection(ExtensibilityGlobals) = postSolution
		SolutionGuid = {D33B8E90-039D-4379-9E90-DE698E83C0C8}
	EndGlobalSection
EndGlobal
