
Microsoft Visual Studio Solution File, Format Version 12.00
# Visual Studio 15
VisualStudioVersion = 15.0.27703.2035
MinimumVisualStudioVersion = 10.0.40219.1
Project("{8BC9CEB8-8B4A-11D0-8D11-00A0C91BC942}") = "백준1003동적계획법", "백준1003동적계획법\백준1003동적계획법.vcxproj", "{87113FEC-D27B-482E-8D35-FB1736971ECF}"
EndProject
Global
	GlobalSection(SolutionConfigurationPlatforms) = preSolution
		Debug|x64 = Debug|x64
		Debug|x86 = Debug|x86
		Release|x64 = Release|x64
		Release|x86 = Release|x86
	EndGlobalSection
	GlobalSection(ProjectConfigurationPlatforms) = postSolution
		{87113FEC-D27B-482E-8D35-FB1736971ECF}.Debug|x64.ActiveCfg = Debug|x64
		{87113FEC-D27B-482E-8D35-FB1736971ECF}.Debug|x64.Build.0 = Debug|x64
		{87113FEC-D27B-482E-8D35-FB1736971ECF}.Debug|x86.ActiveCfg = Debug|Win32
		{87113FEC-D27B-482E-8D35-FB1736971ECF}.Debug|x86.Build.0 = Debug|Win32
		{87113FEC-D27B-482E-8D35-FB1736971ECF}.Release|x64.ActiveCfg = Release|x64
		{87113FEC-D27B-482E-8D35-FB1736971ECF}.Release|x64.Build.0 = Release|x64
		{87113FEC-D27B-482E-8D35-FB1736971ECF}.Release|x86.ActiveCfg = Release|Win32
		{87113FEC-D27B-482E-8D35-FB1736971ECF}.Release|x86.Build.0 = Release|Win32
	EndGlobalSection
	GlobalSection(SolutionProperties) = preSolution
		HideSolutionNode = FALSE
	EndGlobalSection
	GlobalSection(ExtensibilityGlobals) = postSolution
		SolutionGuid = {66192FE2-C7C5-4A34-BF82-1EAEF0850182}
	EndGlobalSection
EndGlobal
