
Microsoft Visual Studio Solution File, Format Version 12.00
# Visual Studio 15
VisualStudioVersion = 15.0.27703.2035
MinimumVisualStudioVersion = 10.0.40219.1
Project("{8BC9CEB8-8B4A-11D0-8D11-00A0C91BC942}") = "BOJ2352그리디", "BOJ2352그리디\BOJ2352그리디.vcxproj", "{A9859E48-3649-453C-AF72-725479FC56FF}"
EndProject
Global
	GlobalSection(SolutionConfigurationPlatforms) = preSolution
		Debug|x64 = Debug|x64
		Debug|x86 = Debug|x86
		Release|x64 = Release|x64
		Release|x86 = Release|x86
	EndGlobalSection
	GlobalSection(ProjectConfigurationPlatforms) = postSolution
		{A9859E48-3649-453C-AF72-725479FC56FF}.Debug|x64.ActiveCfg = Debug|x64
		{A9859E48-3649-453C-AF72-725479FC56FF}.Debug|x64.Build.0 = Debug|x64
		{A9859E48-3649-453C-AF72-725479FC56FF}.Debug|x86.ActiveCfg = Debug|Win32
		{A9859E48-3649-453C-AF72-725479FC56FF}.Debug|x86.Build.0 = Debug|Win32
		{A9859E48-3649-453C-AF72-725479FC56FF}.Release|x64.ActiveCfg = Release|x64
		{A9859E48-3649-453C-AF72-725479FC56FF}.Release|x64.Build.0 = Release|x64
		{A9859E48-3649-453C-AF72-725479FC56FF}.Release|x86.ActiveCfg = Release|Win32
		{A9859E48-3649-453C-AF72-725479FC56FF}.Release|x86.Build.0 = Release|Win32
	EndGlobalSection
	GlobalSection(SolutionProperties) = preSolution
		HideSolutionNode = FALSE
	EndGlobalSection
	GlobalSection(ExtensibilityGlobals) = postSolution
		SolutionGuid = {DDDC69A5-1885-4BF9-8A4E-DFF9DDDF9212}
	EndGlobalSection
EndGlobal
